{
  "lockfile_version": "1",
  "packages": {
    "nodePackages.prettier@latest": {
      "last_modified": "2024-07-10T06:55:44Z",
      "resolved": "github:NixOS/nixpkgs/aa9461550594533c29866d42f861b6ff079a7fb6#nodePackages.prettier",
      "source": "devbox-search",
      "version": "3.3.2",
      "systems": {
        "aarch64-darwin": {
          "outputs": [
            {
              "name": "out",
              "path": "/nix/store/acc0lrsmryp44rwz7myygb6lv0c8ds6s-prettier-3.3.2",
              "default": true
            }
          ],
          "store_path": "/nix/store/acc0lrsmryp44rwz7myygb6lv0c8ds6s-prettier-3.3.2"
        },
        "aarch64-linux": {
          "outputs": [
            {
              "name": "out",
              "path": "/nix/store/1jhs3jpr3afpnqs6175vc1x0m3khsl5i-prettier-3.3.2",
              "default": true
            }
          ],
          "store_path": "/nix/store/1jhs3jpr3afpnqs6175vc1x0m3khsl5i-prettier-3.3.2"
        },
        "x86_64-darwin": {
          "outputs": [
            {
              "name": "out",
              "path": "/nix/store/h0wffwmahp6b6x96r65msvfpxl1rwbg5-prettier-3.3.2",
              "default": true
            }
          ],
          "store_path": "/nix/store/h0wffwmahp6b6x96r65msvfpxl1rwbg5-prettier-3.3.2"
        },
        "x86_64-linux": {
          "outputs": [
            {
              "name": "out",
              "path": "/nix/store/lw8pkd69xxi52ixpcxcw4bszdg4125h0-prettier-3.3.2",
              "default": true
            }
          ],
          "store_path": "/nix/store/lw8pkd69xxi52ixpcxcw4bszdg4125h0-prettier-3.3.2"
        }
      }
    },
    "nodejs@latest": {
      "last_modified": "2024-07-10T06:55:44Z",
      "plugin_version": "0.0.2",
      "resolved": "github:NixOS/nixpkgs/aa9461550594533c29866d42f861b6ff079a7fb6#nodejs_22",
      "source": "devbox-search",
      "version": "22.3.0",
      "systems": {
        "aarch64-darwin": {
          "outputs": [
            {
              "name": "out",
              "path": "/nix/store/cpqfn567chsy7mslcfwnijsn6mq82lcq-nodejs-22.3.0",
              "default": true
            },
            {
              "name": "libv8",
              "path": "/nix/store/mfjmdqb1sxxm7r4d4px5r3p6m378kzy5-nodejs-22.3.0-libv8"
            }
          ],
          "store_path": "/nix/store/cpqfn567chsy7mslcfwnijsn6mq82lcq-nodejs-22.3.0"
        },
        "aarch64-linux": {
          "outputs": [
            {
              "name": "out",
              "path": "/nix/store/q7cgrvb6clq0pdp5hlwmq2lldzkl3fmj-nodejs-22.3.0",
              "default": true
            },
            {
              "name": "libv8",
              "path": "/nix/store/5df5695winsxzf80q6z0m35zy3p60yw1-nodejs-22.3.0-libv8"
            }
          ],
          "store_path": "/nix/store/q7cgrvb6clq0pdp5hlwmq2lldzkl3fmj-nodejs-22.3.0"
        },
        "x86_64-darwin": {
          "outputs": [
            {
              "name": "out",
              "path": "/nix/store/hd619h1mh6lcmv2kw6nij9xa0zf7ybmr-nodejs-22.3.0",
              "default": true
            },
            {
              "name": "libv8",
              "path": "/nix/store/mipa00s8bq87h3p3allndvg43cpggz3w-nodejs-22.3.0-libv8"
            }
          ],
          "store_path": "/nix/store/hd619h1mh6lcmv2kw6nij9xa0zf7ybmr-nodejs-22.3.0"
        },
        "x86_64-linux": {
          "outputs": [
            {
              "name": "out",
              "path": "/nix/store/bmvx7ww7qfksjqsckmivkg3mqvjscfh8-nodejs-22.3.0",
              "default": true
            },
            {
              "name": "libv8",
              "path": "/nix/store/w28gijyq24mmk1676gpbxw2xrkysxx1i-nodejs-22.3.0-libv8"
            }
          ],
          "store_path": "/nix/store/bmvx7ww7qfksjqsckmivkg3mqvjscfh8-nodejs-22.3.0"
        }
      }
    },
    "typescript@latest": {
      "last_modified": "2024-07-10T06:55:44Z",
      "resolved": "github:NixOS/nixpkgs/aa9461550594533c29866d42f861b6ff079a7fb6#typescript",
      "source": "devbox-search",
      "version": "5.5.3",
      "systems": {
        "aarch64-darwin": {
          "outputs": [
            {
              "name": "out",
              "path": "/nix/store/qjlx5mcrjnf5rkdqbj5l449g0m7hlyza-typescript-5.5.3",
              "default": true
            }
          ],
          "store_path": "/nix/store/qjlx5mcrjnf5rkdqbj5l449g0m7hlyza-typescript-5.5.3"
        },
        "aarch64-linux": {
          "outputs": [
            {
              "name": "out",
              "path": "/nix/store/mbiv3nim0kwljy6qyd9sc44ha86my22a-typescript-5.5.3",
              "default": true
            }
          ],
          "store_path": "/nix/store/mbiv3nim0kwljy6qyd9sc44ha86my22a-typescript-5.5.3"
        },
        "x86_64-darwin": {
          "outputs": [
            {
              "name": "out",
              "path": "/nix/store/idc4pqfi9m9pv6x3z56arc23w977drf0-typescript-5.5.3",
              "default": true
            }
          ],
          "store_path": "/nix/store/idc4pqfi9m9pv6x3z56arc23w977drf0-typescript-5.5.3"
        },
        "x86_64-linux": {
          "outputs": [
            {
              "name": "out",
              "path": "/nix/store/alw6svgjp7172h9wssjqj2gm8bi7b4zp-typescript-5.5.3",
              "default": true
            }
          ],
          "store_path": "/nix/store/alw6svgjp7172h9wssjqj2gm8bi7b4zp-typescript-5.5.3"
        }
      }
    }
  }
}
