{
  "lockfile_version": "1",
  "packages": {
    "nodePackages.prettier@latest": {
      "last_modified": "2024-07-07T16:08:25Z",
      "resolved": "github:NixOS/nixpkgs/ab82a9612aa45284d4adf69ee81871a389669a9e#nodePackages.prettier",
      "source": "devbox-search",
      "version": "3.3.2",
      "systems": {
        "aarch64-darwin": {
          "outputs": [
            {
              "name": "out",
              "path": "/nix/store/1wgkmbpy3whczdlqzj0ycph320b0fz3d-prettier-3.3.2",
              "default": true
            }
          ],
          "store_path": "/nix/store/1wgkmbpy3whczdlqzj0ycph320b0fz3d-prettier-3.3.2"
        },
        "aarch64-linux": {
          "outputs": [
            {
              "name": "out",
              "path": "/nix/store/1jhs3jpr3afpnqs6175vc1x0m3khsl5i-prettier-3.3.2",
              "default": true
            }
          ],
          "store_path": "/nix/store/1jhs3jpr3afpnqs6175vc1x0m3khsl5i-prettier-3.3.2"
        },
        "x86_64-darwin": {
          "outputs": [
            {
              "name": "out",
              "path": "/nix/store/ywrzqymz31f2k1y0ndb90dlajm4m9hp2-prettier-3.3.2",
              "default": true
            }
          ],
          "store_path": "/nix/store/ywrzqymz31f2k1y0ndb90dlajm4m9hp2-prettier-3.3.2"
        },
        "x86_64-linux": {
          "outputs": [
            {
              "name": "out",
              "path": "/nix/store/lw8pkd69xxi52ixpcxcw4bszdg4125h0-prettier-3.3.2",
              "default": true
            }
          ],
          "store_path": "/nix/store/lw8pkd69xxi52ixpcxcw4bszdg4125h0-prettier-3.3.2"
        }
      }
    },
    "nodejs@latest": {
      "last_modified": "2024-07-07T16:08:25Z",
      "plugin_version": "0.0.2",
      "resolved": "github:NixOS/nixpkgs/ab82a9612aa45284d4adf69ee81871a389669a9e#nodejs_22",
      "source": "devbox-search",
      "version": "22.3.0",
      "systems": {
        "aarch64-darwin": {
          "outputs": [
            {
              "name": "out",
              "path": "/nix/store/xfiwgna8wavxj8wzfn5ihp9kxdvcrphq-nodejs-22.3.0",
              "default": true
            },
            {
              "name": "libv8",
              "path": "/nix/store/hn3z99jhkx7llshh1v0qmlfmnis144k1-nodejs-22.3.0-libv8"
            }
          ],
          "store_path": "/nix/store/xfiwgna8wavxj8wzfn5ihp9kxdvcrphq-nodejs-22.3.0"
        },
        "aarch64-linux": {
          "outputs": [
            {
              "name": "out",
              "path": "/nix/store/q7cgrvb6clq0pdp5hlwmq2lldzkl3fmj-nodejs-22.3.0",
              "default": true
            },
            {
              "name": "libv8",
              "path": "/nix/store/5df5695winsxzf80q6z0m35zy3p60yw1-nodejs-22.3.0-libv8"
            }
          ],
          "store_path": "/nix/store/q7cgrvb6clq0pdp5hlwmq2lldzkl3fmj-nodejs-22.3.0"
        },
        "x86_64-darwin": {
          "outputs": [
            {
              "name": "out",
              "path": "/nix/store/3cqbw1xcmc0xml8s3ys7jviaxvqyjldy-nodejs-22.3.0",
              "default": true
            },
            {
              "name": "libv8",
              "path": "/nix/store/zk7izr97gl525arvyi4mfwxnhx5wl7hx-nodejs-22.3.0-libv8"
            }
          ],
          "store_path": "/nix/store/3cqbw1xcmc0xml8s3ys7jviaxvqyjldy-nodejs-22.3.0"
        },
        "x86_64-linux": {
          "outputs": [
            {
              "name": "out",
              "path": "/nix/store/bmvx7ww7qfksjqsckmivkg3mqvjscfh8-nodejs-22.3.0",
              "default": true
            },
            {
              "name": "libv8",
              "path": "/nix/store/w28gijyq24mmk1676gpbxw2xrkysxx1i-nodejs-22.3.0-libv8"
            }
          ],
          "store_path": "/nix/store/bmvx7ww7qfksjqsckmivkg3mqvjscfh8-nodejs-22.3.0"
        }
      }
    },
    "typescript@latest": {
      "last_modified": "2024-07-07T16:08:25Z",
      "resolved": "github:NixOS/nixpkgs/ab82a9612aa45284d4adf69ee81871a389669a9e#typescript",
      "source": "devbox-search",
      "version": "5.5.3",
      "systems": {
        "aarch64-darwin": {
          "outputs": [
            {
              "name": "out",
              "path": "/nix/store/2dqp76jr7f7j59q80nk1jr26qjbkkjr4-typescript-5.5.3",
              "default": true
            }
          ],
          "store_path": "/nix/store/2dqp76jr7f7j59q80nk1jr26qjbkkjr4-typescript-5.5.3"
        },
        "aarch64-linux": {
          "outputs": [
            {
              "name": "out",
              "path": "/nix/store/mbiv3nim0kwljy6qyd9sc44ha86my22a-typescript-5.5.3",
              "default": true
            }
          ],
          "store_path": "/nix/store/mbiv3nim0kwljy6qyd9sc44ha86my22a-typescript-5.5.3"
        },
        "x86_64-darwin": {
          "outputs": [
            {
              "name": "out",
              "path": "/nix/store/agzdwv5hyg4wllz1wq8wsvns11yx2ga3-typescript-5.5.3",
              "default": true
            }
          ],
          "store_path": "/nix/store/agzdwv5hyg4wllz1wq8wsvns11yx2ga3-typescript-5.5.3"
        },
        "x86_64-linux": {
          "outputs": [
            {
              "name": "out",
              "path": "/nix/store/alw6svgjp7172h9wssjqj2gm8bi7b4zp-typescript-5.5.3",
              "default": true
            }
          ],
          "store_path": "/nix/store/alw6svgjp7172h9wssjqj2gm8bi7b4zp-typescript-5.5.3"
        }
      }
    }
  }
}
