{
  "lockfile_version": "1",
  "packages": {
    "difftastic@latest": {
      "last_modified": "2024-07-24T00:53:51Z",
      "resolved": "github:NixOS/nixpkgs/4f02464258baaf54992debfd010a7a3662a25536#difftastic",
      "source": "devbox-search",
      "version": "0.59.0",
      "systems": {
        "aarch64-darwin": {
          "outputs": [
            {
              "name": "out",
              "path": "/nix/store/j9fcqz2zbz8pmd494q6bw5vnq14hlnra-difftastic-0.59.0",
              "default": true
            }
          ],
          "store_path": "/nix/store/j9fcqz2zbz8pmd494q6bw5vnq14hlnra-difftastic-0.59.0"
        },
        "aarch64-linux": {
          "outputs": [
            {
              "name": "out",
              "path": "/nix/store/85r66x4gryg5fpzqid1fvhllkgfid81z-difftastic-0.59.0",
              "default": true
            }
          ],
          "store_path": "/nix/store/85r66x4gryg5fpzqid1fvhllkgfid81z-difftastic-0.59.0"
        },
        "x86_64-darwin": {
          "outputs": [
            {
              "name": "out",
              "path": "/nix/store/vyc3jr3l8sh7rp02c7hsybz8y9yha905-difftastic-0.59.0",
              "default": true
            }
          ],
          "store_path": "/nix/store/vyc3jr3l8sh7rp02c7hsybz8y9yha905-difftastic-0.59.0"
        },
        "x86_64-linux": {
          "outputs": [
            {
              "name": "out",
              "path": "/nix/store/zsjpx6mgr53kz8l1i5iz8lfn45babqll-difftastic-0.59.0",
              "default": true
            }
          ],
          "store_path": "/nix/store/zsjpx6mgr53kz8l1i5iz8lfn45babqll-difftastic-0.59.0"
        }
      }
    },
    "gnumake@latest": {
      "last_modified": "2024-07-07T07:43:47Z",
      "resolved": "github:NixOS/nixpkgs/b60793b86201040d9dee019a05089a9150d08b5b#gnumake",
      "source": "devbox-search",
      "version": "4.4.1",
      "systems": {
        "aarch64-darwin": {
          "outputs": [
            {
              "name": "out",
              "path": "/nix/store/c4301v1sjrp1779626h44pl91jbnpn5r-gnumake-4.4.1",
              "default": true
            },
            {
              "name": "man",
              "path": "/nix/store/ajpqp6akrszzdvxbb40fq6czikidc2vb-gnumake-4.4.1-man",
              "default": true
            },
            {
              "name": "info",
              "path": "/nix/store/qs7gmbv88h9v6achca5950a33zmniabc-gnumake-4.4.1-info"
            }
          ],
          "store_path": "/nix/store/c4301v1sjrp1779626h44pl91jbnpn5r-gnumake-4.4.1"
        },
        "aarch64-linux": {
          "outputs": [
            {
              "name": "out",
              "path": "/nix/store/zmgsn6q40mhyydf1irxb1j39h60cfazh-gnumake-4.4.1",
              "default": true
            },
            {
              "name": "man",
              "path": "/nix/store/72jlip07iff04ldvi8pbidla8k4y6cbl-gnumake-4.4.1-man",
              "default": true
            },
            {
              "name": "debug",
              "path": "/nix/store/aqc0xdx9bfvqj38915xm97zj9k9h6dgf-gnumake-4.4.1-debug"
            },
            {
              "name": "info",
              "path": "/nix/store/fkb17v32yraw4jfl6jph7gsikhg5528z-gnumake-4.4.1-info"
            }
          ],
          "store_path": "/nix/store/zmgsn6q40mhyydf1irxb1j39h60cfazh-gnumake-4.4.1"
        },
        "x86_64-darwin": {
          "outputs": [
            {
              "name": "out",
              "path": "/nix/store/6mq2psv6b3kraaf1axdw2h1ci28nw15l-gnumake-4.4.1",
              "default": true
            },
            {
              "name": "man",
              "path": "/nix/store/xmif4yq2xqy37qjhgzz43sni8nrickh6-gnumake-4.4.1-man",
              "default": true
            },
            {
              "name": "info",
              "path": "/nix/store/44kyl5f1z3qji74bjfj69anqnhhia5q0-gnumake-4.4.1-info"
            }
          ],
          "store_path": "/nix/store/6mq2psv6b3kraaf1axdw2h1ci28nw15l-gnumake-4.4.1"
        },
        "x86_64-linux": {
          "outputs": [
            {
              "name": "out",
              "path": "/nix/store/y1p3w7pj0f7n77kl33wmz5gml6qcqfjd-gnumake-4.4.1",
              "default": true
            },
            {
              "name": "man",
              "path": "/nix/store/qrbxn3bh9p4ivq5jx2fs6l34k0inqpz2-gnumake-4.4.1-man",
              "default": true
            },
            {
              "name": "debug",
              "path": "/nix/store/1rpvn74fg0vyp7k3r369qa6m0jqhsgiz-gnumake-4.4.1-debug"
            },
            {
              "name": "info",
              "path": "/nix/store/561k9y7cqfyf58j9x1dblw0c18625xyd-gnumake-4.4.1-info"
            }
          ],
          "store_path": "/nix/store/y1p3w7pj0f7n77kl33wmz5gml6qcqfjd-gnumake-4.4.1"
        }
      }
    },
    "hyperfine@latest": {
      "last_modified": "2024-07-07T16:08:25Z",
      "resolved": "github:NixOS/nixpkgs/ab82a9612aa45284d4adf69ee81871a389669a9e#hyperfine",
      "source": "devbox-search",
      "version": "1.18.0",
      "systems": {
        "aarch64-darwin": {
          "outputs": [
            {
              "name": "out",
              "path": "/nix/store/gdyxi0r4j80qxv2zc3ky4p856z5yadq0-hyperfine-1.18.0",
              "default": true
            }
          ],
          "store_path": "/nix/store/gdyxi0r4j80qxv2zc3ky4p856z5yadq0-hyperfine-1.18.0"
        },
        "aarch64-linux": {
          "outputs": [
            {
              "name": "out",
              "path": "/nix/store/qq0pmvv1bgs6bs7c1bbnh0rnib96b1hb-hyperfine-1.18.0",
              "default": true
            }
          ],
          "store_path": "/nix/store/qq0pmvv1bgs6bs7c1bbnh0rnib96b1hb-hyperfine-1.18.0"
        },
        "x86_64-darwin": {
          "outputs": [
            {
              "name": "out",
              "path": "/nix/store/7384z1vqa78cxhxc2i85rr7qxqzw5bvj-hyperfine-1.18.0",
              "default": true
            }
          ],
          "store_path": "/nix/store/7384z1vqa78cxhxc2i85rr7qxqzw5bvj-hyperfine-1.18.0"
        },
        "x86_64-linux": {
          "outputs": [
            {
              "name": "out",
              "path": "/nix/store/15m2kh3a1akjp45d4hxm7pxwv382746b-hyperfine-1.18.0",
              "default": true
            }
          ],
          "store_path": "/nix/store/15m2kh3a1akjp45d4hxm7pxwv382746b-hyperfine-1.18.0"
        }
      }
    },
    "time@latest": {
      "last_modified": "2024-07-07T16:08:25Z",
      "resolved": "github:NixOS/nixpkgs/ab82a9612aa45284d4adf69ee81871a389669a9e#time",
      "source": "devbox-search",
      "version": "1.9",
      "systems": {
        "aarch64-darwin": {
          "outputs": [
            {
              "name": "out",
              "path": "/nix/store/7b2s4b9my2cbcav9mc4fdjd8r6c585nf-time-1.9",
              "default": true
            }
          ],
          "store_path": "/nix/store/7b2s4b9my2cbcav9mc4fdjd8r6c585nf-time-1.9"
        },
        "aarch64-linux": {
          "outputs": [
            {
              "name": "out",
              "path": "/nix/store/r7s30isr11h7fzrl937ggzyj0vczbwq5-time-1.9",
              "default": true
            }
          ],
          "store_path": "/nix/store/r7s30isr11h7fzrl937ggzyj0vczbwq5-time-1.9"
        },
        "x86_64-darwin": {
          "outputs": [
            {
              "name": "out",
              "path": "/nix/store/688f5w1jaz30wi28pc95p6bxj2sq9bap-time-1.9",
              "default": true
            }
          ],
          "store_path": "/nix/store/688f5w1jaz30wi28pc95p6bxj2sq9bap-time-1.9"
        },
        "x86_64-linux": {
          "outputs": [
            {
              "name": "out",
              "path": "/nix/store/4ri3mpbq3xmlnqndvk7xfzv1q4g02was-time-1.9",
              "default": true
            }
          ],
          "store_path": "/nix/store/4ri3mpbq3xmlnqndvk7xfzv1q4g02was-time-1.9"
        }
      }
    }
  }
}
