{
  "lockfile_version": "1",
  "packages": {
    "google-java-format@latest": {
      "last_modified": "2024-07-31T08:48:38Z",
      "resolved": "github:NixOS/nixpkgs/c3392ad349a5227f4a3464dce87bcc5046692fce#google-java-format",
      "source": "devbox-search",
      "version": "1.23.0",
      "systems": {
        "aarch64-darwin": {
          "outputs": [
            {
              "name": "out",
              "path": "/nix/store/5qrq904qarz0m6wy0xj430jigrlgkmiy-google-java-format-1.23.0",
              "default": true
            }
          ],
          "store_path": "/nix/store/5qrq904qarz0m6wy0xj430jigrlgkmiy-google-java-format-1.23.0"
        },
        "aarch64-linux": {
          "outputs": [
            {
              "name": "out",
              "path": "/nix/store/y8rlr0bxrasc22gl1jk8xv1cv49b8a1i-google-java-format-1.23.0",
              "default": true
            }
          ],
          "store_path": "/nix/store/y8rlr0bxrasc22gl1jk8xv1cv49b8a1i-google-java-format-1.23.0"
        },
        "x86_64-darwin": {
          "outputs": [
            {
              "name": "out",
              "path": "/nix/store/kavskc1kb62zvdzcbhr4jm5jv0ldj4q8-google-java-format-1.23.0",
              "default": true
            }
          ],
          "store_path": "/nix/store/kavskc1kb62zvdzcbhr4jm5jv0ldj4q8-google-java-format-1.23.0"
        },
        "x86_64-linux": {
          "outputs": [
            {
              "name": "out",
              "path": "/nix/store/0k1ipddylmp7ijm5n8d68w32aj6iy8j4-google-java-format-1.23.0",
              "default": true
            }
          ],
          "store_path": "/nix/store/0k1ipddylmp7ijm5n8d68w32aj6iy8j4-google-java-format-1.23.0"
        }
      }
    },
    "jdk-headless@22": {
      "last_modified": "2024-06-12T20:55:33Z",
      "resolved": "github:NixOS/nixpkgs/a9858885e197f984d92d7fe64e9fff6b2e488d40#jdk22_headless",
      "source": "devbox-search",
      "version": "22-ga",
      "systems": {
        "aarch64-darwin": {
          "outputs": [
            {
              "path": "/nix/store/b08lwdxv5pxzlyqs429n4a5f63bcnkwv-zulu-ca-jdk-22.0.0",
              "default": true
            }
          ]
        },
        "aarch64-linux": {
          "outputs": [
            {
              "name": "out",
              "path": "/nix/store/9ip0bg7f185587wzm7946wh7fldsm0b8-openjdk-headless-22-ga",
              "default": true
            },
            {
              "name": "debug",
              "path": "/nix/store/vrc1cjxxhs2vgr4hq20r98r8132z6qg1-openjdk-headless-22-ga-debug"
            }
          ],
          "store_path": "/nix/store/9ip0bg7f185587wzm7946wh7fldsm0b8-openjdk-headless-22-ga"
        },
        "x86_64-linux": {
          "outputs": [
            {
              "name": "out",
              "path": "/nix/store/8c1ky7n514vyfy3hy7skrwjckkpzcvah-openjdk-headless-22-ga",
              "default": true
            },
            {
              "name": "debug",
              "path": "/nix/store/hn895b9mix6iipbbx8i21w3bap95b48c-openjdk-headless-22-ga-debug"
            }
          ],
          "store_path": "/nix/store/8c1ky7n514vyfy3hy7skrwjckkpzcvah-openjdk-headless-22-ga"
        }
      }
    }
  }
}
