{
  "lockfile_version": "1",
  "packages": {
    "luajit@latest": {
      "last_modified": "2024-07-07T16:08:25Z",
      "resolved": "github:NixOS/nixpkgs/ab82a9612aa45284d4adf69ee81871a389669a9e#luajit",
      "source": "devbox-search",
      "version": "2.1.1713773202",
      "systems": {
        "aarch64-darwin": {
          "outputs": [
            {
              "name": "out",
              "path": "/nix/store/6gi7l8vrcy9cxpf46milyiv1sszrmxv0-luajit-2.1.1713773202",
              "default": true
            }
          ],
          "store_path": "/nix/store/6gi7l8vrcy9cxpf46milyiv1sszrmxv0-luajit-2.1.1713773202"
        },
        "aarch64-linux": {
          "outputs": [
            {
              "name": "out",
              "path": "/nix/store/lx3rxr7by5qq6h1c6ybjawgqqdfrsyp4-luajit-2.1.1713773202",
              "default": true
            }
          ],
          "store_path": "/nix/store/lx3rxr7by5qq6h1c6ybjawgqqdfrsyp4-luajit-2.1.1713773202"
        },
        "x86_64-darwin": {
          "outputs": [
            {
              "name": "out",
              "path": "/nix/store/k78f2dpppqb4r102q2sbh1mdxgwj8a4b-luajit-2.1.1713773202",
              "default": true
            }
          ],
          "store_path": "/nix/store/k78f2dpppqb4r102q2sbh1mdxgwj8a4b-luajit-2.1.1713773202"
        },
        "x86_64-linux": {
          "outputs": [
            {
              "name": "out",
              "path": "/nix/store/hiz202dhwn4y7hbgzyzwl6sbi9glhsrn-luajit-2.1.1713773202",
              "default": true
            }
          ],
          "store_path": "/nix/store/hiz202dhwn4y7hbgzyzwl6sbi9glhsrn-luajit-2.1.1713773202"
        }
      }
    },
    "luajitPackages.luafilesystem@latest": {
      "last_modified": "2024-07-07T16:08:25Z",
      "resolved": "github:NixOS/nixpkgs/ab82a9612aa45284d4adf69ee81871a389669a9e#luajitPackages.luafilesystem",
      "source": "devbox-search",
      "version": "1.8.0-1",
      "systems": {
        "aarch64-darwin": {
          "outputs": [
            {
              "name": "out",
              "path": "/nix/store/his71b3805b99nmycsjd0sv758cfw821-luajit2.1-luafilesystem-1.8.0-1",
              "default": true
            }
          ],
          "store_path": "/nix/store/his71b3805b99nmycsjd0sv758cfw821-luajit2.1-luafilesystem-1.8.0-1"
        },
        "aarch64-linux": {
          "outputs": [
            {
              "name": "out",
              "path": "/nix/store/g8ihxl1qlxcarlgx8wkxhwjrm9cx7d93-luajit2.1-luafilesystem-1.8.0-1",
              "default": true
            }
          ],
          "store_path": "/nix/store/g8ihxl1qlxcarlgx8wkxhwjrm9cx7d93-luajit2.1-luafilesystem-1.8.0-1"
        },
        "x86_64-darwin": {
          "outputs": [
            {
              "name": "out",
              "path": "/nix/store/n5qiwpc0k3v9x5g2lpv5inhz5h65qr0h-luajit2.1-luafilesystem-1.8.0-1",
              "default": true
            }
          ],
          "store_path": "/nix/store/n5qiwpc0k3v9x5g2lpv5inhz5h65qr0h-luajit2.1-luafilesystem-1.8.0-1"
        },
        "x86_64-linux": {
          "outputs": [
            {
              "name": "out",
              "path": "/nix/store/ql4lc2hpbs7vc0s7iwrhpwrq4360hwl1-luajit2.1-luafilesystem-1.8.0-1",
              "default": true
            }
          ],
          "store_path": "/nix/store/ql4lc2hpbs7vc0s7iwrhpwrq4360hwl1-luajit2.1-luafilesystem-1.8.0-1"
        }
      }
    }
  }
}
