{
  "lockfile_version": "1",
  "packages": {
    "lua54Packages.lua@latest": {
      "last_modified": "2024-06-12T20:55:33Z",
      "resolved": "github:NixOS/nixpkgs/a9858885e197f984d92d7fe64e9fff6b2e488d40#lua54Packages.lua",
      "source": "devbox-search",
      "version": "5.4.6",
      "systems": {
        "aarch64-darwin": {
          "outputs": [
            {
              "name": "out",
              "path": "/nix/store/3lk51qq27bsa3gq626as87q79silq5wi-lua-5.4.6",
              "default": true
            },
            {
              "name": "doc",
              "path": "/nix/store/201kp4m1c3v5g5cpdv6p61vm20yp2c8b-lua-5.4.6-doc"
            }
          ],
          "store_path": "/nix/store/3lk51qq27bsa3gq626as87q79silq5wi-lua-5.4.6"
        },
        "aarch64-linux": {
          "outputs": [
            {
              "name": "out",
              "path": "/nix/store/pqhmpjwm0bcm5c58blwp7ddibm8025zq-lua-5.4.6",
              "default": true
            },
            {
              "name": "doc",
              "path": "/nix/store/3hhvqvj3px1mv322fh9gnz1rwag5bzal-lua-5.4.6-doc"
            }
          ],
          "store_path": "/nix/store/pqhmpjwm0bcm5c58blwp7ddibm8025zq-lua-5.4.6"
        },
        "x86_64-darwin": {
          "outputs": [
            {
              "name": "out",
              "path": "/nix/store/xdxicjzw7qzvbhzi7pillklrh7nlzpzn-lua-5.4.6",
              "default": true
            },
            {
              "name": "doc",
              "path": "/nix/store/snprkz365q6h46ih8my5k8dqx4316nxl-lua-5.4.6-doc"
            }
          ],
          "store_path": "/nix/store/xdxicjzw7qzvbhzi7pillklrh7nlzpzn-lua-5.4.6"
        },
        "x86_64-linux": {
          "outputs": [
            {
              "name": "out",
              "path": "/nix/store/0mxg29p8bqwy90q2gda99xsgrgspqbpf-lua-5.4.6",
              "default": true
            },
            {
              "name": "doc",
              "path": "/nix/store/nsqkcb2vaz0mcwdwxr4yl5vkz15jvnv5-lua-5.4.6-doc"
            }
          ],
          "store_path": "/nix/store/0mxg29p8bqwy90q2gda99xsgrgspqbpf-lua-5.4.6"
        }
      }
    },
    "lua54Packages.luafilesystem": {
      "resolved": "github:NixOS/nixpkgs/75a52265bda7fd25e06e3a67dee3f0354e73243c#lua54Packages.luafilesystem",
      "source": "nixpkg"
    },
    "stylua@latest": {
      "last_modified": "2024-06-12T20:55:33Z",
      "resolved": "github:NixOS/nixpkgs/a9858885e197f984d92d7fe64e9fff6b2e488d40#stylua",
      "source": "devbox-search",
      "version": "0.20.0",
      "systems": {
        "aarch64-darwin": {
          "outputs": [
            {
              "name": "out",
              "path": "/nix/store/1vnjxadghyrqp2ds9hfvg29z15132r9q-stylua-0.20.0",
              "default": true
            }
          ],
          "store_path": "/nix/store/1vnjxadghyrqp2ds9hfvg29z15132r9q-stylua-0.20.0"
        },
        "aarch64-linux": {
          "outputs": [
            {
              "name": "out",
              "path": "/nix/store/qk6wc6f94w1bl3l0f7qgh8xpwvxnsb9v-stylua-0.20.0",
              "default": true
            }
          ],
          "store_path": "/nix/store/qk6wc6f94w1bl3l0f7qgh8xpwvxnsb9v-stylua-0.20.0"
        },
        "x86_64-darwin": {
          "outputs": [
            {
              "name": "out",
              "path": "/nix/store/4ccfi5kb36i3q34i925wzq4x6k2dicps-stylua-0.20.0",
              "default": true
            }
          ],
          "store_path": "/nix/store/4ccfi5kb36i3q34i925wzq4x6k2dicps-stylua-0.20.0"
        },
        "x86_64-linux": {
          "outputs": [
            {
              "name": "out",
              "path": "/nix/store/v6sm4w711wr3cz834akkbnldb13almdd-stylua-0.20.0",
              "default": true
            }
          ],
          "store_path": "/nix/store/v6sm4w711wr3cz834akkbnldb13almdd-stylua-0.20.0"
        }
      }
    }
  }
}
