{
  "lockfile_version": "1",
  "packages": {
    "lua54Packages.lua@latest": {
      "last_modified": "2024-07-07T16:08:25Z",
      "resolved": "github:NixOS/nixpkgs/ab82a9612aa45284d4adf69ee81871a389669a9e#lua54Packages.lua",
      "source": "devbox-search",
      "version": "5.4.6",
      "systems": {
        "aarch64-darwin": {
          "outputs": [
            {
              "name": "out",
              "path": "/nix/store/w50bwinnns722zgxq3hvl950hz780cgc-lua-5.4.6",
              "default": true
            },
            {
              "name": "doc",
              "path": "/nix/store/rznbarxglz62nrl2svc3jjr5kik230ma-lua-5.4.6-doc"
            }
          ],
          "store_path": "/nix/store/w50bwinnns722zgxq3hvl950hz780cgc-lua-5.4.6"
        },
        "aarch64-linux": {
          "outputs": [
            {
              "name": "out",
              "path": "/nix/store/8pkzaaf0m46bsh8x8cl4lfk9dy2wb9ir-lua-5.4.6",
              "default": true
            },
            {
              "name": "doc",
              "path": "/nix/store/nqgp7v272jwkqwdpi52ip800ivcilmih-lua-5.4.6-doc"
            }
          ],
          "store_path": "/nix/store/8pkzaaf0m46bsh8x8cl4lfk9dy2wb9ir-lua-5.4.6"
        },
        "x86_64-darwin": {
          "outputs": [
            {
              "name": "out",
              "path": "/nix/store/1qx7p1hb5sknw0wzzjlvpxvf8fkvyc7n-lua-5.4.6",
              "default": true
            },
            {
              "name": "doc",
              "path": "/nix/store/cmmmzn258x8ddrd6ns0px1bwn2f01d64-lua-5.4.6-doc"
            }
          ],
          "store_path": "/nix/store/1qx7p1hb5sknw0wzzjlvpxvf8fkvyc7n-lua-5.4.6"
        },
        "x86_64-linux": {
          "outputs": [
            {
              "name": "out",
              "path": "/nix/store/08zyyd4wzvsxpcfr70g8cwfa81mfqrsy-lua-5.4.6",
              "default": true
            },
            {
              "name": "doc",
              "path": "/nix/store/0m00ac4c218zindy2d9hpgvs5r4j5wyg-lua-5.4.6-doc"
            }
          ],
          "store_path": "/nix/store/08zyyd4wzvsxpcfr70g8cwfa81mfqrsy-lua-5.4.6"
        }
      }
    },
    "lua54Packages.luafilesystem": {
      "resolved": "github:NixOS/nixpkgs/75a52265bda7fd25e06e3a67dee3f0354e73243c#lua54Packages.luafilesystem",
      "source": "nixpkg",
      "systems": {
        "aarch64-darwin": {
          "outputs": [
            {
              "name": "1",
              "path": "/nix/store/dwy4pzwnm6fr89v9nz37x1nvsancl3yr-lua5.4-luafilesystem-1.8.0-1",
              "default": true
            }
          ]
        }
      }
    },
    "stylua@latest": {
      "last_modified": "2024-07-07T16:08:25Z",
      "resolved": "github:NixOS/nixpkgs/ab82a9612aa45284d4adf69ee81871a389669a9e#stylua",
      "source": "devbox-search",
      "version": "0.20.0",
      "systems": {
        "aarch64-darwin": {
          "outputs": [
            {
              "name": "out",
              "path": "/nix/store/lx0hrdkg8dy5dl4d3a3pysajqkcxg21n-stylua-0.20.0",
              "default": true
            }
          ],
          "store_path": "/nix/store/lx0hrdkg8dy5dl4d3a3pysajqkcxg21n-stylua-0.20.0"
        },
        "aarch64-linux": {
          "outputs": [
            {
              "name": "out",
              "path": "/nix/store/mvymww0d8gh6pd7qzvv5manb6hdivb2z-stylua-0.20.0",
              "default": true
            }
          ],
          "store_path": "/nix/store/mvymww0d8gh6pd7qzvv5manb6hdivb2z-stylua-0.20.0"
        },
        "x86_64-darwin": {
          "outputs": [
            {
              "name": "out",
              "path": "/nix/store/83qk9arqhj8r3bb757lrjzbhyrp91v06-stylua-0.20.0",
              "default": true
            }
          ],
          "store_path": "/nix/store/83qk9arqhj8r3bb757lrjzbhyrp91v06-stylua-0.20.0"
        },
        "x86_64-linux": {
          "outputs": [
            {
              "name": "out",
              "path": "/nix/store/6dlp9lbjhwc4m06ccdq0vs20f37jh1rf-stylua-0.20.0",
              "default": true
            }
          ],
          "store_path": "/nix/store/6dlp9lbjhwc4m06ccdq0vs20f37jh1rf-stylua-0.20.0"
        }
      }
    }
  }
}
