{
  "lockfile_version": "1",
  "packages": {
    "bash@latest": {
      "last_modified": "2024-07-14T11:03:58Z",
      "resolved": "github:NixOS/nixpkgs/aa247c0c90ecf4ae7a032c54fdc21b91ca274062#bash",
      "source": "devbox-search",
      "version": "5.2p26",
      "systems": {
        "aarch64-darwin": {
          "outputs": [
            {
              "name": "out",
              "path": "/nix/store/spyn2n8l9ca1pkqn20l40l424xmqwda4-bash-5.2p26",
              "default": true
            },
            {
              "name": "man",
              "path": "/nix/store/q5fi46zsk79vnyr2hyancdfnlxpg5ff4-bash-5.2p26-man",
              "default": true
            },
            {
              "name": "info",
              "path": "/nix/store/ay5j8cw3aw1x3piikijl6knrln4l15dk-bash-5.2p26-info"
            },
            {
              "name": "dev",
              "path": "/nix/store/gml2k9ggb35szfbsyzglh4xf9x619mz1-bash-5.2p26-dev"
            },
            {
              "name": "doc",
              "path": "/nix/store/f2i81dshbj71436sa8rq4pbd31k4iy2m-bash-5.2p26-doc"
            }
          ],
          "store_path": "/nix/store/spyn2n8l9ca1pkqn20l40l424xmqwda4-bash-5.2p26"
        },
        "aarch64-linux": {
          "outputs": [
            {
              "name": "out",
              "path": "/nix/store/zpvgzm6x3dhw0ai7ciw06w1ibhh2ap5r-bash-5.2p26",
              "default": true
            },
            {
              "name": "man",
              "path": "/nix/store/9yjmsdiqk404h4rvvy7r69r1pvazia4d-bash-5.2p26-man",
              "default": true
            },
            {
              "name": "doc",
              "path": "/nix/store/xx7qdaw8sxqv3spnrz2i5sggm92svkyv-bash-5.2p26-doc"
            },
            {
              "name": "info",
              "path": "/nix/store/ygf71whh419pr1pmw1hxl9icjazsfw3h-bash-5.2p26-info"
            },
            {
              "name": "debug",
              "path": "/nix/store/may4vny0p78qz8k3nri1ij2ln0s7kpsn-bash-5.2p26-debug"
            },
            {
              "name": "dev",
              "path": "/nix/store/2s74cnbs0x6gi1a20bf7avbmrgbrxv5d-bash-5.2p26-dev"
            }
          ],
          "store_path": "/nix/store/zpvgzm6x3dhw0ai7ciw06w1ibhh2ap5r-bash-5.2p26"
        },
        "x86_64-darwin": {
          "outputs": [
            {
              "name": "out",
              "path": "/nix/store/g5kh6zhsch3vx9sv3s0mrjsy84fis83g-bash-5.2p26",
              "default": true
            },
            {
              "name": "man",
              "path": "/nix/store/lgv82h5awq7hc9lpj1l3qfkj3fblw2nk-bash-5.2p26-man",
              "default": true
            },
            {
              "name": "dev",
              "path": "/nix/store/pc16894d5nr9kxmrg3gavirbkkcm1aks-bash-5.2p26-dev"
            },
            {
              "name": "doc",
              "path": "/nix/store/cpq6i8pq1j9klayq0il02pq5n83v9xm0-bash-5.2p26-doc"
            },
            {
              "name": "info",
              "path": "/nix/store/ykgsfvp4nr2nh1pnpfna4s9myvj7yd5q-bash-5.2p26-info"
            }
          ],
          "store_path": "/nix/store/g5kh6zhsch3vx9sv3s0mrjsy84fis83g-bash-5.2p26"
        },
        "x86_64-linux": {
          "outputs": [
            {
              "name": "out",
              "path": "/nix/store/m101dg80ngyjdb02g6jwy80sr7kzj26g-bash-5.2p26",
              "default": true
            },
            {
              "name": "man",
              "path": "/nix/store/1lyl50z4kdzrj72l4sl82444vxgsfnib-bash-5.2p26-man",
              "default": true
            },
            {
              "name": "debug",
              "path": "/nix/store/96rngln426scdf0x0nwpgcrscl8maxfk-bash-5.2p26-debug"
            },
            {
              "name": "dev",
              "path": "/nix/store/gbjqm1h1i23yb89n86rf47870b0a8na2-bash-5.2p26-dev"
            },
            {
              "name": "doc",
              "path": "/nix/store/nkmmfv6jv9rg21vqy1il1029089rrgm9-bash-5.2p26-doc"
            },
            {
              "name": "info",
              "path": "/nix/store/wya6flc37dp9h6lbhi0jqfgd7m4gzn0c-bash-5.2p26-info"
            }
          ],
          "store_path": "/nix/store/m101dg80ngyjdb02g6jwy80sr7kzj26g-bash-5.2p26"
        }
      }
    },
    "shfmt@latest": {
      "last_modified": "2024-07-07T16:08:25Z",
      "resolved": "github:NixOS/nixpkgs/ab82a9612aa45284d4adf69ee81871a389669a9e#shfmt",
      "source": "devbox-search",
      "version": "3.8.0",
      "systems": {
        "aarch64-darwin": {
          "outputs": [
            {
              "name": "out",
              "path": "/nix/store/whzcdk13r9l10nbs24dbld7395vhma2v-shfmt-3.8.0",
              "default": true
            }
          ],
          "store_path": "/nix/store/whzcdk13r9l10nbs24dbld7395vhma2v-shfmt-3.8.0"
        },
        "aarch64-linux": {
          "outputs": [
            {
              "name": "out",
              "path": "/nix/store/qwv8h5rq8cbxqxlg0cczrxf3zng5a5nj-shfmt-3.8.0",
              "default": true
            }
          ],
          "store_path": "/nix/store/qwv8h5rq8cbxqxlg0cczrxf3zng5a5nj-shfmt-3.8.0"
        },
        "x86_64-darwin": {
          "outputs": [
            {
              "name": "out",
              "path": "/nix/store/skqcakgl85750qhvajxzi8lk4bcssr9h-shfmt-3.8.0",
              "default": true
            }
          ],
          "store_path": "/nix/store/skqcakgl85750qhvajxzi8lk4bcssr9h-shfmt-3.8.0"
        },
        "x86_64-linux": {
          "outputs": [
            {
              "name": "out",
              "path": "/nix/store/yyjiv1fzzv7syjbyikzjpsbflkip2lnc-shfmt-3.8.0",
              "default": true
            }
          ],
          "store_path": "/nix/store/yyjiv1fzzv7syjbyikzjpsbflkip2lnc-shfmt-3.8.0"
        }
      }
    }
  }
}
