{
  "lockfile_version": "1",
  "packages": {
    "clang-tools_18@latest": {
      "last_modified": "2024-06-12T20:55:33Z",
      "resolved": "github:NixOS/nixpkgs/a9858885e197f984d92d7fe64e9fff6b2e488d40#clang-tools_18",
      "source": "devbox-search",
      "version": "18.1.7",
      "systems": {
        "aarch64-darwin": {
          "outputs": [
            {
              "name": "out",
              "path": "/nix/store/m4nmqrrjvgqfkfaxl309985zfakwn2bs-clang-tools-18.1.7",
              "default": true
            }
          ],
          "store_path": "/nix/store/m4nmqrrjvgqfkfaxl309985zfakwn2bs-clang-tools-18.1.7"
        },
        "aarch64-linux": {
          "outputs": [
            {
              "name": "out",
              "path": "/nix/store/zc13bj1wh96bjha8s4hbz36677qh7sny-clang-tools-18.1.7",
              "default": true
            }
          ],
          "store_path": "/nix/store/zc13bj1wh96bjha8s4hbz36677qh7sny-clang-tools-18.1.7"
        },
        "x86_64-darwin": {
          "outputs": [
            {
              "name": "out",
              "path": "/nix/store/m62ij61aggrgpb6zvh2pgr2x5wi77spb-clang-tools-18.1.7",
              "default": true
            }
          ],
          "store_path": "/nix/store/m62ij61aggrgpb6zvh2pgr2x5wi77spb-clang-tools-18.1.7"
        },
        "x86_64-linux": {
          "outputs": [
            {
              "name": "out",
              "path": "/nix/store/cn3xy3m0zy3vg9ah8hzirwab12c9w64y-clang-tools-18.1.7",
              "default": true
            }
          ],
          "store_path": "/nix/store/cn3xy3m0zy3vg9ah8hzirwab12c9w64y-clang-tools-18.1.7"
        }
      }
    },
    "clang_18@latest": {
      "last_modified": "2024-07-07T16:08:25Z",
      "resolved": "github:NixOS/nixpkgs/ab82a9612aa45284d4adf69ee81871a389669a9e#clang_18",
      "source": "devbox-search",
      "version": "18.1.8",
      "systems": {
        "aarch64-darwin": {
          "outputs": [
            {
              "name": "out",
              "path": "/nix/store/cnx67yv4d9ns0642kd3kwa7h4nanyv11-clang-wrapper-18.1.8",
              "default": true
            }
          ],
          "store_path": "/nix/store/cnx67yv4d9ns0642kd3kwa7h4nanyv11-clang-wrapper-18.1.8"
        },
        "aarch64-linux": {
          "outputs": [
            {
              "name": "out",
              "path": "/nix/store/lppjq24jy56bggq9gxjh0xi6651dq99r-clang-wrapper-18.1.8",
              "default": true
            }
          ],
          "store_path": "/nix/store/lppjq24jy56bggq9gxjh0xi6651dq99r-clang-wrapper-18.1.8"
        },
        "x86_64-darwin": {
          "outputs": [
            {
              "name": "out",
              "path": "/nix/store/v9izskh90y793dgnfd3s29akclfibzvm-clang-wrapper-18.1.8",
              "default": true
            }
          ],
          "store_path": "/nix/store/v9izskh90y793dgnfd3s29akclfibzvm-clang-wrapper-18.1.8"
        },
        "x86_64-linux": {
          "outputs": [
            {
              "name": "out",
              "path": "/nix/store/1rxqqb3m7k2c36kvsm0alqljbb01x138-clang-wrapper-18.1.8",
              "default": true
            }
          ],
          "store_path": "/nix/store/1rxqqb3m7k2c36kvsm0alqljbb01x138-clang-wrapper-18.1.8"
        }
      }
    }
  }
}
