{
  "lockfile_version": "1",
  "packages": {
    "pypy310@latest": {
      "last_modified": "2024-07-07T16:08:25Z",
      "resolved": "github:NixOS/nixpkgs/ab82a9612aa45284d4adf69ee81871a389669a9e#pypy310",
      "source": "devbox-search",
      "version": "7.3.12",
      "systems": {
        "aarch64-darwin": {
          "outputs": [
            {
              "name": "out",
              "path": "/nix/store/vy7j0ba63rapkbngchncxaqkhm5rf1qw-pypy3.10-7.3.12",
              "default": true
            }
          ],
          "store_path": "/nix/store/vy7j0ba63rapkbngchncxaqkhm5rf1qw-pypy3.10-7.3.12"
        },
        "aarch64-linux": {
          "outputs": [
            {
              "name": "out",
              "path": "/nix/store/x0h04vxmq1ckksblp5hkkjygycb93j4q-pypy3.10-7.3.12",
              "default": true
            }
          ],
          "store_path": "/nix/store/x0h04vxmq1ckksblp5hkkjygycb93j4q-pypy3.10-7.3.12"
        },
        "x86_64-darwin": {
          "outputs": [
            {
              "name": "out",
              "path": "/nix/store/59l7cxrpfgkva4na40ibl64rw9kpny17-pypy3.10-7.3.12",
              "default": true
            }
          ],
          "store_path": "/nix/store/59l7cxrpfgkva4na40ibl64rw9kpny17-pypy3.10-7.3.12"
        },
        "x86_64-linux": {
          "outputs": [
            {
              "name": "out",
              "path": "/nix/store/m05f6y66szrws8svc664gnzv0ggxkyw6-pypy3.10-7.3.12",
              "default": true
            }
          ],
          "store_path": "/nix/store/m05f6y66szrws8svc664gnzv0ggxkyw6-pypy3.10-7.3.12"
        }
      }
    }
  }
}
