{
  "lockfile_version": "1",
  "packages": {
    "ghc@latest": {
      "last_modified": "2024-07-07T16:08:25Z",
      "plugin_version": "0.0.2",
      "resolved": "github:NixOS/nixpkgs/ab82a9612aa45284d4adf69ee81871a389669a9e#ghc",
      "source": "devbox-search",
      "version": "9.6.5",
      "systems": {
        "aarch64-darwin": {
          "outputs": [
            {
              "name": "out",
              "path": "/nix/store/mbmig0a44d04rk4j6g07pk6gch9dg1fx-ghc-9.6.5",
              "default": true
            },
            {
              "name": "doc",
              "path": "/nix/store/dbg45iqjxliy5ylram6246r9jxv90xzl-ghc-9.6.5-doc"
            }
          ],
          "store_path": "/nix/store/mbmig0a44d04rk4j6g07pk6gch9dg1fx-ghc-9.6.5"
        },
        "aarch64-linux": {
          "outputs": [
            {
              "name": "out",
              "path": "/nix/store/q1n2zjh35fmygfvzw352kfcbkkgwp5ma-ghc-9.6.5",
              "default": true
            },
            {
              "name": "doc",
              "path": "/nix/store/wscd5z5jdvg13widvxq434jaczicbzm8-ghc-9.6.5-doc"
            }
          ],
          "store_path": "/nix/store/q1n2zjh35fmygfvzw352kfcbkkgwp5ma-ghc-9.6.5"
        },
        "x86_64-darwin": {
          "outputs": [
            {
              "name": "out",
              "path": "/nix/store/ab15igyb4wg61dbvw2j5bf06yff1pn6n-ghc-9.6.5",
              "default": true
            },
            {
              "name": "doc",
              "path": "/nix/store/hkxy5g6ia23qklvqd4gkcjdfqpmlmx48-ghc-9.6.5-doc"
            }
          ],
          "store_path": "/nix/store/ab15igyb4wg61dbvw2j5bf06yff1pn6n-ghc-9.6.5"
        },
        "x86_64-linux": {
          "outputs": [
            {
              "name": "out",
              "path": "/nix/store/fvh7ddv4yjdsq657i9zpmbplczj4bjdd-ghc-9.6.5",
              "default": true
            },
            {
              "name": "doc",
              "path": "/nix/store/6r9vas110vmp4aanwgcr0cfc3yyndv37-ghc-9.6.5-doc"
            }
          ],
          "store_path": "/nix/store/fvh7ddv4yjdsq657i9zpmbplczj4bjdd-ghc-9.6.5"
        }
      }
    },
    "stylish-haskell@latest": {
      "last_modified": "2024-07-15T04:07:31Z",
      "resolved": "github:NixOS/nixpkgs/a14c5d651cee9ed70f9cd9e83f323f1e531002db#stylish-haskell",
      "source": "devbox-search",
      "version": "0.14.5.0",
      "systems": {
        "aarch64-darwin": {
          "outputs": [
            {
              "name": "out",
              "path": "/nix/store/nbdh2v7jmsnaj7p388v5nm69wsj6s8lx-stylish-haskell-0.14.5.0",
              "default": true
            }
          ],
          "store_path": "/nix/store/nbdh2v7jmsnaj7p388v5nm69wsj6s8lx-stylish-haskell-0.14.5.0"
        },
        "aarch64-linux": {
          "outputs": [
            {
              "name": "out",
              "path": "/nix/store/c0wcqbig9m06zn8v9qcl8vawma9vqkz9-stylish-haskell-0.14.5.0",
              "default": true
            }
          ],
          "store_path": "/nix/store/c0wcqbig9m06zn8v9qcl8vawma9vqkz9-stylish-haskell-0.14.5.0"
        },
        "x86_64-darwin": {
          "outputs": [
            {
              "name": "out",
              "path": "/nix/store/6yb530mrk5rrjpqgb0fpfrli3xglqrjy-stylish-haskell-0.14.5.0",
              "default": true
            }
          ],
          "store_path": "/nix/store/6yb530mrk5rrjpqgb0fpfrli3xglqrjy-stylish-haskell-0.14.5.0"
        },
        "x86_64-linux": {
          "outputs": [
            {
              "name": "out",
              "path": "/nix/store/7bgpg4hx7pv7v6dgg7xjczg4bsflmham-stylish-haskell-0.14.5.0",
              "default": true
            }
          ],
          "store_path": "/nix/store/7bgpg4hx7pv7v6dgg7xjczg4bsflmham-stylish-haskell-0.14.5.0"
        }
      }
    }
  }
}
