{
  "lockfile_version": "1",
  "packages": {
    "dotnet-sdk_8@latest": {
      "last_modified": "2024-07-14T11:03:58Z",
      "resolved": "github:NixOS/nixpkgs/aa247c0c90ecf4ae7a032c54fdc21b91ca274062#dotnet-sdk_8",
      "source": "devbox-search",
      "version": "8.0.303",
      "systems": {
        "aarch64-darwin": {
          "outputs": [
            {
              "name": "out",
              "path": "/nix/store/3pw6kwfrwm5c6j52mqk28hw7qg51m5rf-dotnet-sdk-8.0.303",
              "default": true
            }
          ],
          "store_path": "/nix/store/3pw6kwfrwm5c6j52mqk28hw7qg51m5rf-dotnet-sdk-8.0.303"
        },
        "aarch64-linux": {
          "outputs": [
            {
              "name": "out",
              "path": "/nix/store/jkncigyxffmbbg5s9ifg9irhldjhs245-dotnet-sdk-8.0.303",
              "default": true
            }
          ],
          "store_path": "/nix/store/jkncigyxffmbbg5s9ifg9irhldjhs245-dotnet-sdk-8.0.303"
        },
        "x86_64-darwin": {
          "outputs": [
            {
              "name": "out",
              "path": "/nix/store/54hzlkvdsj086q8661ipq6h1xf6jkvm5-dotnet-sdk-8.0.303",
              "default": true
            }
          ],
          "store_path": "/nix/store/54hzlkvdsj086q8661ipq6h1xf6jkvm5-dotnet-sdk-8.0.303"
        },
        "x86_64-linux": {
          "outputs": [
            {
              "name": "out",
              "path": "/nix/store/m9dbas0s0a0lfgha03hb85cnb3r82bf2-dotnet-sdk-8.0.303",
              "default": true
            }
          ],
          "store_path": "/nix/store/m9dbas0s0a0lfgha03hb85cnb3r82bf2-dotnet-sdk-8.0.303"
        }
      }
    }
  }
}
