{
  "lockfile_version": "1",
  "packages": {
    "python312Packages.autoflake@latest": {
      "last_modified": "2024-07-07T16:08:25Z",
      "resolved": "github:NixOS/nixpkgs/ab82a9612aa45284d4adf69ee81871a389669a9e#python312Packages.autoflake",
      "source": "devbox-search",
      "version": "2.3.1",
      "systems": {
        "aarch64-darwin": {
          "outputs": [
            {
              "name": "out",
              "path": "/nix/store/vrxmf8dakicj9fx9rzbiahrdjk17gvkb-python3.12-autoflake-2.3.1",
              "default": true
            },
            {
              "name": "dist",
              "path": "/nix/store/06c57qxppw2mid8hrcgi59dililfg341-python3.12-autoflake-2.3.1-dist"
            }
          ],
          "store_path": "/nix/store/vrxmf8dakicj9fx9rzbiahrdjk17gvkb-python3.12-autoflake-2.3.1"
        },
        "aarch64-linux": {
          "outputs": [
            {
              "name": "out",
              "path": "/nix/store/jkjsankgcpv47j77z9snzxq4wl1h1vc7-python3.12-autoflake-2.3.1",
              "default": true
            },
            {
              "name": "dist",
              "path": "/nix/store/iinimjh8jh9gzs8y4k66h14vasiy259n-python3.12-autoflake-2.3.1-dist"
            }
          ],
          "store_path": "/nix/store/jkjsankgcpv47j77z9snzxq4wl1h1vc7-python3.12-autoflake-2.3.1"
        },
        "x86_64-darwin": {
          "outputs": [
            {
              "name": "out",
              "path": "/nix/store/qpvrawwp24gwzib2d83r0vyalkihiip5-python3.12-autoflake-2.3.1",
              "default": true
            },
            {
              "name": "dist",
              "path": "/nix/store/j823qy0c04kc937sjqip3h2i7i0bf8gk-python3.12-autoflake-2.3.1-dist"
            }
          ],
          "store_path": "/nix/store/qpvrawwp24gwzib2d83r0vyalkihiip5-python3.12-autoflake-2.3.1"
        },
        "x86_64-linux": {
          "outputs": [
            {
              "name": "out",
              "path": "/nix/store/1z6xkaps00hmjjl593n4k11pd43d99m7-python3.12-autoflake-2.3.1",
              "default": true
            },
            {
              "name": "dist",
              "path": "/nix/store/nwc1pcm0bwycixdgggqvzrlyinqs2mdv-python3.12-autoflake-2.3.1-dist"
            }
          ],
          "store_path": "/nix/store/1z6xkaps00hmjjl593n4k11pd43d99m7-python3.12-autoflake-2.3.1"
        }
      }
    },
    "python312Packages.black@latest": {
      "last_modified": "2024-07-07T16:08:25Z",
      "resolved": "github:NixOS/nixpkgs/ab82a9612aa45284d4adf69ee81871a389669a9e#python312Packages.black",
      "source": "devbox-search",
      "version": "24.4.2",
      "systems": {
        "aarch64-darwin": {
          "outputs": [
            {
              "name": "out",
              "path": "/nix/store/mf9y318kdb0901npxrxl190xfk2wshz8-python3.12-black-24.4.2",
              "default": true
            },
            {
              "name": "dist",
              "path": "/nix/store/7i6sr8h17lhclggm1ij8wrhsmw6gz1xj-python3.12-black-24.4.2-dist"
            }
          ],
          "store_path": "/nix/store/mf9y318kdb0901npxrxl190xfk2wshz8-python3.12-black-24.4.2"
        },
        "aarch64-linux": {
          "outputs": [
            {
              "name": "out",
              "path": "/nix/store/p6ffa8k7njjscayxqz2y06pib4aailwj-python3.12-black-24.4.2",
              "default": true
            },
            {
              "name": "dist",
              "path": "/nix/store/8llrl79pwa4ncpqsysilixwa8gqbhki8-python3.12-black-24.4.2-dist"
            }
          ],
          "store_path": "/nix/store/p6ffa8k7njjscayxqz2y06pib4aailwj-python3.12-black-24.4.2"
        },
        "x86_64-darwin": {
          "outputs": [
            {
              "name": "out",
              "path": "/nix/store/1qd0wijhzc2b89bqxa9s59yr2rv5p976-python3.12-black-24.4.2",
              "default": true
            },
            {
              "name": "dist",
              "path": "/nix/store/jlk9z1hq7l49lpnjlazbx2m1vb89rwa3-python3.12-black-24.4.2-dist"
            }
          ],
          "store_path": "/nix/store/1qd0wijhzc2b89bqxa9s59yr2rv5p976-python3.12-black-24.4.2"
        },
        "x86_64-linux": {
          "outputs": [
            {
              "name": "out",
              "path": "/nix/store/1kwaqch1i3xhbr8pi85qr0bdqzifzqpp-python3.12-black-24.4.2",
              "default": true
            },
            {
              "name": "dist",
              "path": "/nix/store/zxcq658kfv9n11adz7kz51dfdj5f8xha-python3.12-black-24.4.2-dist"
            }
          ],
          "store_path": "/nix/store/1kwaqch1i3xhbr8pi85qr0bdqzifzqpp-python3.12-black-24.4.2"
        }
      }
    },
    "python312Packages.isort@latest": {
      "last_modified": "2024-07-10T06:55:44Z",
      "resolved": "github:NixOS/nixpkgs/aa9461550594533c29866d42f861b6ff079a7fb6#python312Packages.isort",
      "source": "devbox-search",
      "version": "5.13.2",
      "systems": {
        "aarch64-darwin": {
          "outputs": [
            {
              "name": "out",
              "path": "/nix/store/1jjqh60dpzs8n1gbaq5b9w5cj556b72q-python3.12-isort-5.13.2",
              "default": true
            },
            {
              "name": "dist",
              "path": "/nix/store/xxfk92071kw1ngw016airha8vkiqzfq4-python3.12-isort-5.13.2-dist"
            }
          ],
          "store_path": "/nix/store/1jjqh60dpzs8n1gbaq5b9w5cj556b72q-python3.12-isort-5.13.2"
        },
        "aarch64-linux": {
          "outputs": [
            {
              "name": "out",
              "path": "/nix/store/w90gbaqmc02d2i829fz6i6inyci4vy71-python3.12-isort-5.13.2",
              "default": true
            },
            {
              "name": "dist",
              "path": "/nix/store/zz2f30x5fxgl39ani1bbdqxjfvdvhi12-python3.12-isort-5.13.2-dist"
            }
          ],
          "store_path": "/nix/store/w90gbaqmc02d2i829fz6i6inyci4vy71-python3.12-isort-5.13.2"
        },
        "x86_64-darwin": {
          "outputs": [
            {
              "name": "out",
              "path": "/nix/store/q5r5mhwr2ib37xvdzlkr9xgnm5qwyy19-python3.12-isort-5.13.2",
              "default": true
            },
            {
              "name": "dist",
              "path": "/nix/store/rj0s65mz0s1ky73bbjxpcrj5b4lmi8ja-python3.12-isort-5.13.2-dist"
            }
          ],
          "store_path": "/nix/store/q5r5mhwr2ib37xvdzlkr9xgnm5qwyy19-python3.12-isort-5.13.2"
        },
        "x86_64-linux": {
          "outputs": [
            {
              "name": "out",
              "path": "/nix/store/5pnzzx8d64bgcpjylc51rqhr68cdwxi3-python3.12-isort-5.13.2",
              "default": true
            },
            {
              "name": "dist",
              "path": "/nix/store/xgd7askx904d8vfkzsqi2ypygdiy25wk-python3.12-isort-5.13.2-dist"
            }
          ],
          "store_path": "/nix/store/5pnzzx8d64bgcpjylc51rqhr68cdwxi3-python3.12-isort-5.13.2"
        }
      }
    },
    "python312Packages.python@latest": {
      "last_modified": "2024-07-07T07:43:47Z",
      "resolved": "github:NixOS/nixpkgs/b60793b86201040d9dee019a05089a9150d08b5b#python312Packages.python",
      "source": "devbox-search",
      "version": "3.12.4",
      "systems": {
        "aarch64-darwin": {
          "outputs": [
            {
              "name": "out",
              "path": "/nix/store/3swy1vadi125g0c1vxqp8ykdr749803j-python3-3.12.4",
              "default": true
            }
          ],
          "store_path": "/nix/store/3swy1vadi125g0c1vxqp8ykdr749803j-python3-3.12.4"
        },
        "aarch64-linux": {
          "outputs": [
            {
              "name": "out",
              "path": "/nix/store/sz2facg15yq3ziqkidb1dkkglwzkkg8a-python3-3.12.4",
              "default": true
            },
            {
              "name": "debug",
              "path": "/nix/store/19vjjqg7jbfblqapf63nm9ich1xdq9dx-python3-3.12.4-debug"
            }
          ],
          "store_path": "/nix/store/sz2facg15yq3ziqkidb1dkkglwzkkg8a-python3-3.12.4"
        },
        "x86_64-darwin": {
          "outputs": [
            {
              "name": "out",
              "path": "/nix/store/dh1i1387ibdzw0ala5rkl3s3ylf8i8pa-python3-3.12.4",
              "default": true
            }
          ],
          "store_path": "/nix/store/dh1i1387ibdzw0ala5rkl3s3ylf8i8pa-python3-3.12.4"
        },
        "x86_64-linux": {
          "outputs": [
            {
              "name": "out",
              "path": "/nix/store/z7xxy35k7620hs6fn6la5fg2lgklv72l-python3-3.12.4",
              "default": true
            },
            {
              "name": "debug",
              "path": "/nix/store/3x6jqv5yw212v8rlwql88cn94dginq32-python3-3.12.4-debug"
            }
          ],
          "store_path": "/nix/store/z7xxy35k7620hs6fn6la5fg2lgklv72l-python3-3.12.4"
        }
      }
    }
  }
}
