{
  "lockfile_version": "1",
  "packages": {
    "python312Packages.nuitka@latest": {
      "last_modified": "2024-07-03T17:18:23Z",
      "resolved": "github:NixOS/nixpkgs/61684d356e41c97f80087e89659283d00fe032ab#python312Packages.nuitka",
      "source": "devbox-search",
      "version": "2.2.3",
      "systems": {
        "aarch64-darwin": {
          "outputs": [
            {
              "name": "out",
              "path": "/nix/store/08674a7iiw5pz58f9l678yv121y7sqin-python3.12-nuitka-2.2.3",
              "default": true
            },
            {
              "name": "dist",
              "path": "/nix/store/7nhsr2a6haw0jk87bp5n2g8959pb5hhr-python3.12-nuitka-2.2.3-dist"
            }
          ],
          "store_path": "/nix/store/08674a7iiw5pz58f9l678yv121y7sqin-python3.12-nuitka-2.2.3"
        },
        "aarch64-linux": {
          "outputs": [
            {
              "name": "out",
              "path": "/nix/store/28w2kbcla0ysaqnj4w59mzkhpd62dblj-python3.12-nuitka-2.2.3",
              "default": true
            },
            {
              "name": "dist",
              "path": "/nix/store/5k6gfjd2sm88flyyjfvhnzrs6dg16168-python3.12-nuitka-2.2.3-dist"
            }
          ],
          "store_path": "/nix/store/28w2kbcla0ysaqnj4w59mzkhpd62dblj-python3.12-nuitka-2.2.3"
        },
        "x86_64-darwin": {
          "outputs": [
            {
              "name": "out",
              "path": "/nix/store/inbg0w8iqplwsrifhlr3pd1903frgf4i-python3.12-nuitka-2.2.3",
              "default": true
            },
            {
              "name": "dist",
              "path": "/nix/store/aazi7gjfmk76af34i2w5d6vb046qjn8i-python3.12-nuitka-2.2.3-dist"
            }
          ],
          "store_path": "/nix/store/inbg0w8iqplwsrifhlr3pd1903frgf4i-python3.12-nuitka-2.2.3"
        },
        "x86_64-linux": {
          "outputs": [
            {
              "name": "out",
              "path": "/nix/store/764pv381ixqcdyl7j8n4k7lq36jfjacv-python3.12-nuitka-2.2.3",
              "default": true
            },
            {
              "name": "dist",
              "path": "/nix/store/wl7xjxavzhk1zpyan9p46mz2s17ir2x2-python3.12-nuitka-2.2.3-dist"
            }
          ],
          "store_path": "/nix/store/764pv381ixqcdyl7j8n4k7lq36jfjacv-python3.12-nuitka-2.2.3"
        }
      }
    },
    "python312Packages.python@latest": {
      "last_modified": "2024-06-12T20:55:33Z",
      "resolved": "github:NixOS/nixpkgs/a9858885e197f984d92d7fe64e9fff6b2e488d40#python312Packages.python",
      "source": "devbox-search",
      "version": "3.12.3",
      "systems": {
        "aarch64-darwin": {
          "outputs": [
            {
              "name": "out",
              "path": "/nix/store/65ackbgqn02p6fy75rksjbp17zj6440j-python3-3.12.3",
              "default": true
            }
          ],
          "store_path": "/nix/store/65ackbgqn02p6fy75rksjbp17zj6440j-python3-3.12.3"
        },
        "aarch64-linux": {
          "outputs": [
            {
              "name": "out",
              "path": "/nix/store/59siylp1k9i3ch4d9m3vs5jp5z56b5sg-python3-3.12.3",
              "default": true
            },
            {
              "name": "debug",
              "path": "/nix/store/ji094818a78hrkag26202b21nr5v1pgk-python3-3.12.3-debug"
            }
          ],
          "store_path": "/nix/store/59siylp1k9i3ch4d9m3vs5jp5z56b5sg-python3-3.12.3"
        },
        "x86_64-darwin": {
          "outputs": [
            {
              "name": "out",
              "path": "/nix/store/nrskm5p85y6751k02ih51bpzfag8g5r8-python3-3.12.3",
              "default": true
            }
          ],
          "store_path": "/nix/store/nrskm5p85y6751k02ih51bpzfag8g5r8-python3-3.12.3"
        },
        "x86_64-linux": {
          "outputs": [
            {
              "name": "out",
              "path": "/nix/store/zwvdwiw0zg5liz6lkkkqyab035parhld-python3-3.12.3",
              "default": true
            },
            {
              "name": "debug",
              "path": "/nix/store/wj6mffmpvly3md2hqnq2jj8zrrw5qck9-python3-3.12.3-debug"
            }
          ],
          "store_path": "/nix/store/zwvdwiw0zg5liz6lkkkqyab035parhld-python3-3.12.3"
        }
      }
    }
  }
}
