{
  "lockfile_version": "1",
  "packages": {
    "python312Packages.nuitka@latest": {
      "last_modified": "2024-07-07T16:08:25Z",
      "resolved": "github:NixOS/nixpkgs/ab82a9612aa45284d4adf69ee81871a389669a9e#python312Packages.nuitka",
      "source": "devbox-search",
      "version": "2.2.3",
      "systems": {
        "aarch64-darwin": {
          "outputs": [
            {
              "name": "out",
              "path": "/nix/store/42kd0z0brgmhnqz9wxb0q8gglid6zw6y-python3.12-nuitka-2.2.3",
              "default": true
            },
            {
              "name": "dist",
              "path": "/nix/store/4qywlxavl4llqmn0c1lc6ncpp9dq7zs3-python3.12-nuitka-2.2.3-dist"
            }
          ],
          "store_path": "/nix/store/42kd0z0brgmhnqz9wxb0q8gglid6zw6y-python3.12-nuitka-2.2.3"
        },
        "aarch64-linux": {
          "outputs": [
            {
              "name": "out",
              "path": "/nix/store/6m8ks76jmpx6mi595hpfxhm067f2fvrm-python3.12-nuitka-2.2.3",
              "default": true
            },
            {
              "name": "dist",
              "path": "/nix/store/05q9w2fm0l3qcpby18piz2am7nyhw8f1-python3.12-nuitka-2.2.3-dist"
            }
          ],
          "store_path": "/nix/store/6m8ks76jmpx6mi595hpfxhm067f2fvrm-python3.12-nuitka-2.2.3"
        },
        "x86_64-darwin": {
          "outputs": [
            {
              "name": "out",
              "path": "/nix/store/f4yqv4ji7mns7bq01i9gjcy9a8hal96a-python3.12-nuitka-2.2.3",
              "default": true
            },
            {
              "name": "dist",
              "path": "/nix/store/xppajm7zl9dkbb857fcifb18y25qxvvc-python3.12-nuitka-2.2.3-dist"
            }
          ],
          "store_path": "/nix/store/f4yqv4ji7mns7bq01i9gjcy9a8hal96a-python3.12-nuitka-2.2.3"
        },
        "x86_64-linux": {
          "outputs": [
            {
              "name": "out",
              "path": "/nix/store/xhclav02dbxybjhp66xpgi6q9fr205si-python3.12-nuitka-2.2.3",
              "default": true
            },
            {
              "name": "dist",
              "path": "/nix/store/9sqzdj0mnha8djczay5m41r220lq9h7i-python3.12-nuitka-2.2.3-dist"
            }
          ],
          "store_path": "/nix/store/xhclav02dbxybjhp66xpgi6q9fr205si-python3.12-nuitka-2.2.3"
        }
      }
    },
    "python312Packages.python@latest": {
      "last_modified": "2024-07-07T16:08:25Z",
      "resolved": "github:NixOS/nixpkgs/ab82a9612aa45284d4adf69ee81871a389669a9e#python312Packages.python",
      "source": "devbox-search",
      "version": "3.12.4",
      "systems": {
        "aarch64-darwin": {
          "outputs": [
            {
              "name": "out",
              "path": "/nix/store/3swy1vadi125g0c1vxqp8ykdr749803j-python3-3.12.4",
              "default": true
            }
          ],
          "store_path": "/nix/store/3swy1vadi125g0c1vxqp8ykdr749803j-python3-3.12.4"
        },
        "aarch64-linux": {
          "outputs": [
            {
              "name": "out",
              "path": "/nix/store/sz2facg15yq3ziqkidb1dkkglwzkkg8a-python3-3.12.4",
              "default": true
            },
            {
              "name": "debug",
              "path": "/nix/store/19vjjqg7jbfblqapf63nm9ich1xdq9dx-python3-3.12.4-debug"
            }
          ],
          "store_path": "/nix/store/sz2facg15yq3ziqkidb1dkkglwzkkg8a-python3-3.12.4"
        },
        "x86_64-darwin": {
          "outputs": [
            {
              "name": "out",
              "path": "/nix/store/3y5wy1i9nq5293knm23mxsj5l6w41h2l-python3-3.12.4",
              "default": true
            }
          ],
          "store_path": "/nix/store/3y5wy1i9nq5293knm23mxsj5l6w41h2l-python3-3.12.4"
        },
        "x86_64-linux": {
          "outputs": [
            {
              "name": "out",
              "path": "/nix/store/z7xxy35k7620hs6fn6la5fg2lgklv72l-python3-3.12.4",
              "default": true
            },
            {
              "name": "debug",
              "path": "/nix/store/3x6jqv5yw212v8rlwql88cn94dginq32-python3-3.12.4-debug"
            }
          ],
          "store_path": "/nix/store/z7xxy35k7620hs6fn6la5fg2lgklv72l-python3-3.12.4"
        }
      }
    }
  }
}
