{
  "lockfile_version": "1",
  "packages": {
    "python312Packages.nuitka@latest": {
      "last_modified": "2024-07-24T00:53:51Z",
      "resolved": "github:NixOS/nixpkgs/4f02464258baaf54992debfd010a7a3662a25536#python312Packages.nuitka",
      "source": "devbox-search",
      "version": "2.2.3",
      "systems": {
        "aarch64-darwin": {
          "outputs": [
            {
              "name": "out",
              "path": "/nix/store/vhk6yig4xsvj0j920261l324132jxbfr-python3.12-nuitka-2.2.3",
              "default": true
            },
            {
              "name": "dist",
              "path": "/nix/store/i9hx9x5lw0lgzgxkbqkpdjqli82nsfvx-python3.12-nuitka-2.2.3-dist"
            }
          ],
          "store_path": "/nix/store/vhk6yig4xsvj0j920261l324132jxbfr-python3.12-nuitka-2.2.3"
        },
        "aarch64-linux": {
          "outputs": [
            {
              "name": "out",
              "path": "/nix/store/kq7a3jg1n18z0kgnfmz4ss76rzbz5f4f-python3.12-nuitka-2.2.3",
              "default": true
            },
            {
              "name": "dist",
              "path": "/nix/store/j60d7jn4rwq4sr48nfccj8d5bi0dcg9r-python3.12-nuitka-2.2.3-dist"
            }
          ],
          "store_path": "/nix/store/kq7a3jg1n18z0kgnfmz4ss76rzbz5f4f-python3.12-nuitka-2.2.3"
        },
        "x86_64-darwin": {
          "outputs": [
            {
              "name": "out",
              "path": "/nix/store/ihnnb198q6sv6yncay2fds7fx1d36q0f-python3.12-nuitka-2.2.3",
              "default": true
            },
            {
              "name": "dist",
              "path": "/nix/store/5cisba3az6kxwndyb4vak5myi9w3nv54-python3.12-nuitka-2.2.3-dist"
            }
          ],
          "store_path": "/nix/store/ihnnb198q6sv6yncay2fds7fx1d36q0f-python3.12-nuitka-2.2.3"
        },
        "x86_64-linux": {
          "outputs": [
            {
              "name": "out",
              "path": "/nix/store/qc6k97cw0ag2235ww95qyghkd0k73dxr-python3.12-nuitka-2.2.3",
              "default": true
            },
            {
              "name": "dist",
              "path": "/nix/store/1f0zrlf3msaky2j37139yc9i3fr0m3mr-python3.12-nuitka-2.2.3-dist"
            }
          ],
          "store_path": "/nix/store/qc6k97cw0ag2235ww95qyghkd0k73dxr-python3.12-nuitka-2.2.3"
        }
      }
    },
    "python312Packages.python@latest": {
      "last_modified": "2024-07-07T07:43:47Z",
      "resolved": "github:NixOS/nixpkgs/b60793b86201040d9dee019a05089a9150d08b5b#python312Packages.python",
      "source": "devbox-search",
      "version": "3.12.4",
      "systems": {
        "aarch64-darwin": {
          "outputs": [
            {
              "name": "out",
              "path": "/nix/store/3swy1vadi125g0c1vxqp8ykdr749803j-python3-3.12.4",
              "default": true
            }
          ],
          "store_path": "/nix/store/3swy1vadi125g0c1vxqp8ykdr749803j-python3-3.12.4"
        },
        "aarch64-linux": {
          "outputs": [
            {
              "name": "out",
              "path": "/nix/store/sz2facg15yq3ziqkidb1dkkglwzkkg8a-python3-3.12.4",
              "default": true
            },
            {
              "name": "debug",
              "path": "/nix/store/19vjjqg7jbfblqapf63nm9ich1xdq9dx-python3-3.12.4-debug"
            }
          ],
          "store_path": "/nix/store/sz2facg15yq3ziqkidb1dkkglwzkkg8a-python3-3.12.4"
        },
        "x86_64-darwin": {
          "outputs": [
            {
              "name": "out",
              "path": "/nix/store/dh1i1387ibdzw0ala5rkl3s3ylf8i8pa-python3-3.12.4",
              "default": true
            }
          ],
          "store_path": "/nix/store/dh1i1387ibdzw0ala5rkl3s3ylf8i8pa-python3-3.12.4"
        },
        "x86_64-linux": {
          "outputs": [
            {
              "name": "out",
              "path": "/nix/store/z7xxy35k7620hs6fn6la5fg2lgklv72l-python3-3.12.4",
              "default": true
            },
            {
              "name": "debug",
              "path": "/nix/store/3x6jqv5yw212v8rlwql88cn94dginq32-python3-3.12.4-debug"
            }
          ],
          "store_path": "/nix/store/z7xxy35k7620hs6fn6la5fg2lgklv72l-python3-3.12.4"
        }
      }
    }
  }
}
