{
  "lockfile_version": "1",
  "packages": {
    "rustup@latest": {
      "last_modified": "2024-06-12T20:55:33Z",
      "plugin_version": "0.0.1",
      "resolved": "github:NixOS/nixpkgs/a9858885e197f984d92d7fe64e9fff6b2e488d40#rustup",
      "source": "devbox-search",
      "version": "1.26.0",
      "systems": {
        "aarch64-darwin": {
          "outputs": [
            {
              "name": "out",
              "path": "/nix/store/64g8npcj8hqy5irw7skdmbgr4w3419qj-rustup-1.26.0",
              "default": true
            }
          ],
          "store_path": "/nix/store/64g8npcj8hqy5irw7skdmbgr4w3419qj-rustup-1.26.0"
        },
        "aarch64-linux": {
          "outputs": [
            {
              "name": "out",
              "path": "/nix/store/vfcd46gmis9v24ppw8hkc1gqaaky8i7k-rustup-1.26.0",
              "default": true
            }
          ],
          "store_path": "/nix/store/vfcd46gmis9v24ppw8hkc1gqaaky8i7k-rustup-1.26.0"
        },
        "x86_64-darwin": {
          "outputs": [
            {
              "name": "out",
              "path": "/nix/store/wy0gwmw5v58xbvnmmb5q0a33gsyjhlvj-rustup-1.26.0",
              "default": true
            }
          ],
          "store_path": "/nix/store/wy0gwmw5v58xbvnmmb5q0a33gsyjhlvj-rustup-1.26.0"
        },
        "x86_64-linux": {
          "outputs": [
            {
              "name": "out",
              "path": "/nix/store/f3dfnmimfbknlpgg126jpkwrkp4mqhbj-rustup-1.26.0",
              "default": true
            }
          ],
          "store_path": "/nix/store/f3dfnmimfbknlpgg126jpkwrkp4mqhbj-rustup-1.26.0"
        }
      }
    }
  }
}
